
Microsoft Visual Studio Solution File, Format Version 12.00
# Visual Studio Version 16
VisualStudioVersion = 16.0.29503.13
MinimumVisualStudioVersion = 10.0.40219.1
Project("{FAE04EC0-301F-11D3-BF4B-00C04F79EFBC}") = "F24 Project", "F24 Project\F24 Project.csproj", "{2FA76DAC-FAA5-4281-A240-911B9CC00372}"
EndProject
Global
	GlobalSection(SolutionConfigurationPlatforms) = preSolution
		Debug|Any CPU = Debug|Any CPU
		Release|Any CPU = Release|Any CPU
	EndGlobalSection
	GlobalSection(ProjectConfigurationPlatforms) = postSolution
		{2FA76DAC-FAA5-4281-A240-911B9CC00372}.Debug|Any CPU.ActiveCfg = Debug|Any CPU
		{2FA76DAC-FAA5-4281-A240-911B9CC00372}.Debug|Any CPU.Build.0 = Debug|Any CPU
		{2FA76DAC-FAA5-4281-A240-911B9CC00372}.Release|Any CPU.ActiveCfg = Release|Any CPU
		{2FA76DAC-FAA5-4281-A240-911B9CC00372}.Release|Any CPU.Build.0 = Release|Any CPU
	EndGlobalSection
	GlobalSection(SolutionProperties) = preSolution
		HideSolutionNode = FALSE
	EndGlobalSection
	GlobalSection(ExtensibilityGlobals) = postSolution
		SolutionGuid = {DEC98057-FCD9-49F3-8852-33A82E80B1F8}
	EndGlobalSection
EndGlobal
